{
  "pins" : [
    {
      "identity" : "dkcamera",
      "kind" : "remoteSourceControl",
      "location" : "https://github.com/lightningkite/DKCamera",
      "state" : {
        "revision" : "e1ed8cdabb241c95c48ec9bf666692717a105bf5",
        "version" : "1.6.9"
      }
    },
    {
      "identity" : "dkphotogallery",
      "kind" : "remoteSourceControl",
      "location" : "https://github.com/lightningkite/DKPhotoGallery",
      "state" : {
        "branch" : "master",
        "revision" : "b560f85f2a247b4bb6b0e31b6ea0fd09c120c316"
      }
    },
    {
      "identity" : "sdwebimage",
      "kind" : "remoteSourceControl",
      "location" : "https://github.com/SDWebImage/SDWebImage",
      "state" : {
        "revision" : "cac9a55a3ae92478a2c95042dcc8d9695d2129ca",
        "version" : "5.21.0"
      }
    },
    {
      "identity" : "swiftygif",
      "kind" : "remoteSourceControl",
      "location" : "https://github.com/alexiscreuzot/SwiftyGif.git",
      "state" : {
        "revision" : "4430cbc148baa3907651d40562d96325426f409a",
        "version" : "5.4.5"
      }
    },
    {
      "identity" : "tocropviewcontroller",
      "kind" : "remoteSourceControl",
      "location" : "https://github.com/lightningkite/TOCropViewController",
      "state" : {
        "branch" : "main",
        "revision" : "77840468d06a7a071920706e9f70453b5eb3acca"
      }
    }
  ],
  "version" : 2
}
