{
  "pins" : [
    {
      "identity" : "dkcamera",
      "kind" : "remoteSourceControl",
      "location" : "https://github.com/mobile-health/DKCamera",
      "state" : {
        "revision" : "acc02b54ddd940b1f655eafbadec324eeda956fc",
        "version" : "1.6.14"
      }
    },
    {
      "identity" : "dkphotogallery",
      "kind" : "remoteSourceControl",
      "location" : "https://github.com/lightningkite/DKPhotoGallery",
      "state" : {
        "revision" : "8833a8f64427c60540e47a065df8a93080c97177",
        "version" : "1.0.2"
      }
    },
    {
      "identity" : "sdwebimage",
      "kind" : "remoteSourceControl",
      "location" : "https://github.com/SDWebImage/SDWebImage",
      "state" : {
        "revision" : "cac9a55a3ae92478a2c95042dcc8d9695d2129ca",
        "version" : "5.21.0"
      }
    },
    {
      "identity" : "swiftygif",
      "kind" : "remoteSourceControl",
      "location" : "https://github.com/alexiscreuzot/SwiftyGif.git",
      "state" : {
        "revision" : "4430cbc148baa3907651d40562d96325426f409a",
        "version" : "5.4.5"
      }
    },
    {
      "identity" : "tocropviewcontroller",
      "kind" : "remoteSourceControl",
      "location" : "https://github.com/lightningkite/TOCropViewController",
      "state" : {
        "branch" : "main",
        "revision" : "77840468d06a7a071920706e9f70453b5eb3acca"
      }
    }
  ],
  "version" : 2
}
